
Microsoft Visual Studio Solution File, Format Version 12.00
# Visual Studio Version 17
VisualStudioVersion = 17.5.002.0
MinimumVisualStudioVersion = 10.0.40219.1
Project("{9A19103F-16F7-4668-BE54-9A1E7A4F7556}") = "FindReplaceService", "FindReplaceService\FindReplaceService.csproj", "{35A5F1E4-EF44-47B7-B667-8BF5E216E445}"
EndProject
Project("{FAE04EC0-301F-11D3-BF4B-00C04F79EFBC}") = "FindReplaceService.Tests", "FindReplaceService.Tests\FindReplaceService.Tests.csproj", "{8D4234CA-D1A4-4EF8-91A4-F2116548ECBF}"
EndProject
Project("{FAE04EC0-301F-11D3-BF4B-00C04F79EFBC}") = "FindReplaceService.IntegrationTests", "FindReplaceService.IntegrationTests\FindReplaceService.IntegrationTests.csproj", "{C186D025-3FEF-4944-AB8B-5CD7FDCFAEB5}"
EndProject
Global
	GlobalSection(SolutionConfigurationPlatforms) = preSolution
		Debug|Any CPU = Debug|Any CPU
		Release|Any CPU = Release|Any CPU
	EndGlobalSection
	GlobalSection(ProjectConfigurationPlatforms) = postSolution
		{35A5F1E4-EF44-47B7-B667-8BF5E216E445}.Debug|Any CPU.ActiveCfg = Debug|Any CPU
		{35A5F1E4-EF44-47B7-B667-8BF5E216E445}.Debug|Any CPU.Build.0 = Debug|Any CPU
		{35A5F1E4-EF44-47B7-B667-8BF5E216E445}.Release|Any CPU.ActiveCfg = Release|Any CPU
		{35A5F1E4-EF44-47B7-B667-8BF5E216E445}.Release|Any CPU.Build.0 = Release|Any CPU
		{8D4234CA-D1A4-4EF8-91A4-F2116548ECBF}.Debug|Any CPU.ActiveCfg = Debug|Any CPU
		{8D4234CA-D1A4-4EF8-91A4-F2116548ECBF}.Debug|Any CPU.Build.0 = Debug|Any CPU
		{8D4234CA-D1A4-4EF8-91A4-F2116548ECBF}.Release|Any CPU.ActiveCfg = Release|Any CPU
		{8D4234CA-D1A4-4EF8-91A4-F2116548ECBF}.Release|Any CPU.Build.0 = Release|Any CPU
		{C186D025-3FEF-4944-AB8B-5CD7FDCFAEB5}.Debug|Any CPU.ActiveCfg = Debug|Any CPU
		{C186D025-3FEF-4944-AB8B-5CD7FDCFAEB5}.Debug|Any CPU.Build.0 = Debug|Any CPU
		{C186D025-3FEF-4944-AB8B-5CD7FDCFAEB5}.Release|Any CPU.ActiveCfg = Release|Any CPU
		{C186D025-3FEF-4944-AB8B-5CD7FDCFAEB5}.Release|Any CPU.Build.0 = Release|Any CPU
	EndGlobalSection
	GlobalSection(SolutionProperties) = preSolution
		HideSolutionNode = FALSE
	EndGlobalSection
	GlobalSection(ExtensibilityGlobals) = postSolution
		SolutionGuid = {8D3361B2-C4D0-4AC4-98B5-0FA8E49CFEB8}
	EndGlobalSection
EndGlobal
